// !$*UTF8*$!
{
	archiveVersion = 1;
	classes = {
	};
	objectVersion = 50;
	objects = {

/* Begin PBXBuildFile section */
		8D6F204E23091249005BD2D8 /* Network.swift in Sources */ = {isa = PBXBuildFile; fileRef = 8D6F204D23091249005BD2D8 /* Network.swift */; };
		8D6F2095230C1AF6005BD2D8 /* Repository.swift in Sources */ = {isa = PBXBuildFile; fileRef = 8D6F2094230C1AF6005BD2D8 /* Repository.swift */; };
		8D6F20B1230C256B005BD2D8 /* AvatarSearchView.swift in Sources */ = {isa = PBXBuildFile; fileRef = 8D6F20B0230C256B005BD2D8 /* AvatarSearchView.swift */; };
		8D6F20B3230C2656005BD2D8 /* AvatarSearchViewState.swift in Sources */ = {isa = PBXBuildFile; fileRef = 8D6F20B2230C2656005BD2D8 /* AvatarSearchViewState.swift */; };
		8D6F20B5230CD40B005BD2D8 /* SearchHistoryViewController.swift in Sources */ = {isa = PBXBuildFile; fileRef = 8D6F20B4230CD40B005BD2D8 /* SearchHistoryViewController.swift */; };
		8D6F20B7230CD543005BD2D8 /* SearchHistoryView.swift in Sources */ = {isa = PBXBuildFile; fileRef = 8D6F20B6230CD543005BD2D8 /* SearchHistoryView.swift */; };
		8D6F20B9230CD6EC005BD2D8 /* SearchHistoryViewState.swift in Sources */ = {isa = PBXBuildFile; fileRef = 8D6F20B8230CD6EC005BD2D8 /* SearchHistoryViewState.swift */; };
		8D6F20BB230D0F27005BD2D8 /* Helper.swift in Sources */ = {isa = PBXBuildFile; fileRef = 8D6F20BA230D0F27005BD2D8 /* Helper.swift */; };
		8DE36D26230792DD00E4FCF9 /* AppDelegate.swift in Sources */ = {isa = PBXBuildFile; fileRef = 8DE36D25230792DD00E4FCF9 /* AppDelegate.swift */; };
		8DE36D28230792DD00E4FCF9 /* AvatarSearchViewController.swift in Sources */ = {isa = PBXBuildFile; fileRef = 8DE36D27230792DD00E4FCF9 /* AvatarSearchViewController.swift */; };
		8DE36D2B230792DD00E4FCF9 /* Main.storyboard in Resources */ = {isa = PBXBuildFile; fileRef = 8DE36D29230792DD00E4FCF9 /* Main.storyboard */; };
		8DE36D2E230792DD00E4FCF9 /* RoboHash.xcdatamodeld in Sources */ = {isa = PBXBuildFile; fileRef = 8DE36D2C230792DD00E4FCF9 /* RoboHash.xcdatamodeld */; };
		8DE36D30230792DF00E4FCF9 /* Assets.xcassets in Resources */ = {isa = PBXBuildFile; fileRef = 8DE36D2F230792DF00E4FCF9 /* Assets.xcassets */; };
		8DE36D33230792DF00E4FCF9 /* LaunchScreen.storyboard in Resources */ = {isa = PBXBuildFile; fileRef = 8DE36D31230792DF00E4FCF9 /* LaunchScreen.storyboard */; };
		8DE36D3E230792DF00E4FCF9 /* RoboHashTests.swift in Sources */ = {isa = PBXBuildFile; fileRef = 8DE36D3D230792DF00E4FCF9 /* RoboHashTests.swift */; };
		8DE36D49230792DF00E4FCF9 /* RoboHashUITests.swift in Sources */ = {isa = PBXBuildFile; fileRef = 8DE36D48230792DF00E4FCF9 /* RoboHashUITests.swift */; };
		8DE36D5723079A3500E4FCF9 /* CoreDataStack.swift in Sources */ = {isa = PBXBuildFile; fileRef = 8DE36D5623079A3500E4FCF9 /* CoreDataStack.swift */; };
		8DE36D592307B95100E4FCF9 /* RoboHashDataBase.swift in Sources */ = {isa = PBXBuildFile; fileRef = 8DE36D582307B95100E4FCF9 /* RoboHashDataBase.swift */; };
		8DE36F3E2308F9CE00E4FCF9 /* Alamofire.framework in Frameworks */ = {isa = PBXBuildFile; fileRef = 8DE36F2C2308F9A300E4FCF9 /* Alamofire.framework */; };
		8DE36F3F2308F9CE00E4FCF9 /* Alamofire.framework in Embed Frameworks */ = {isa = PBXBuildFile; fileRef = 8DE36F2C2308F9A300E4FCF9 /* Alamofire.framework */; settings = {ATTRIBUTES = (CodeSignOnCopy, RemoveHeadersOnCopy, ); }; };
		8DE36F642308FA2800E4FCF9 /* ReactiveSwift.framework in Frameworks */ = {isa = PBXBuildFile; fileRef = 8DE36F5B2308F9F300E4FCF9 /* ReactiveSwift.framework */; };
		8DE36F652308FA2800E4FCF9 /* ReactiveSwift.framework in Embed Frameworks */ = {isa = PBXBuildFile; fileRef = 8DE36F5B2308F9F300E4FCF9 /* ReactiveSwift.framework */; settings = {ATTRIBUTES = (CodeSignOnCopy, RemoveHeadersOnCopy, ); }; };
		8DE36F682308FA4C00E4FCF9 /* DifferenceKit.framework in Frameworks */ = {isa = PBXBuildFile; fileRef = 8DE36F492308F9E800E4FCF9 /* DifferenceKit.framework */; };
		8DE36F692308FA4C00E4FCF9 /* DifferenceKit.framework in Embed Frameworks */ = {isa = PBXBuildFile; fileRef = 8DE36F492308F9E800E4FCF9 /* DifferenceKit.framework */; settings = {ATTRIBUTES = (CodeSignOnCopy, RemoveHeadersOnCopy, ); }; };
		8DE36F6D2308FB1100E4FCF9 /* API.swift in Sources */ = {isa = PBXBuildFile; fileRef = 8DE36F6C2308FB1100E4FCF9 /* API.swift */; };
/* End PBXBuildFile section */

/* Begin PBXContainerItemProxy section */
		8DE36D3A230792DF00E4FCF9 /* PBXContainerItemProxy */ = {
			isa = PBXContainerItemProxy;
			containerPortal = 8DE36D1A230792DD00E4FCF9 /* Project object */;
			proxyType = 1;
			remoteGlobalIDString = 8DE36D21230792DD00E4FCF9;
			remoteInfo = RoboHash;
		};
		8DE36D45230792DF00E4FCF9 /* PBXContainerItemProxy */ = {
			isa = PBXContainerItemProxy;
			containerPortal = 8DE36D1A230792DD00E4FCF9 /* Project object */;
			proxyType = 1;
			remoteGlobalIDString = 8DE36D21230792DD00E4FCF9;
			remoteInfo = RoboHash;
		};
		8DE36F2B2308F9A300E4FCF9 /* PBXContainerItemProxy */ = {
			isa = PBXContainerItemProxy;
			containerPortal = 8DE36F202308F9A300E4FCF9 /* Alamofire.xcodeproj */;
			proxyType = 2;
			remoteGlobalIDString = F8111E3319A95C8B0040E7D1;
			remoteInfo = "Alamofire iOS";
		};
		8DE36F2D2308F9A300E4FCF9 /* PBXContainerItemProxy */ = {
			isa = PBXContainerItemProxy;
			containerPortal = 8DE36F202308F9A300E4FCF9 /* Alamofire.xcodeproj */;
			proxyType = 2;
			remoteGlobalIDString = F8111E3E19A95C8B0040E7D1;
			remoteInfo = "Alamofire iOS Tests";
		};
		8DE36F2F2308F9A300E4FCF9 /* PBXContainerItemProxy */ = {
			isa = PBXContainerItemProxy;
			containerPortal = 8DE36F202308F9A300E4FCF9 /* Alamofire.xcodeproj */;
			proxyType = 2;
			remoteGlobalIDString = 4DD67C0B1A5C55C900ED2280;
			remoteInfo = "Alamofire macOS";
		};
		8DE36F312308F9A300E4FCF9 /* PBXContainerItemProxy */ = {
			isa = PBXContainerItemProxy;
			containerPortal = 8DE36F202308F9A300E4FCF9 /* Alamofire.xcodeproj */;
			proxyType = 2;
			remoteGlobalIDString = F829C6B21A7A94F100A2CD59;
			remoteInfo = "Alamofire macOS Tests";
		};
		8DE36F332308F9A300E4FCF9 /* PBXContainerItemProxy */ = {
			isa = PBXContainerItemProxy;
			containerPortal = 8DE36F202308F9A300E4FCF9 /* Alamofire.xcodeproj */;
			proxyType = 2;
			remoteGlobalIDString = 4CF626EF1BA7CB3E0011A099;
			remoteInfo = "Alamofire tvOS";
		};
		8DE36F352308F9A300E4FCF9 /* PBXContainerItemProxy */ = {
			isa = PBXContainerItemProxy;
			containerPortal = 8DE36F202308F9A300E4FCF9 /* Alamofire.xcodeproj */;
			proxyType = 2;
			remoteGlobalIDString = 4CF626F81BA7CB3E0011A099;
			remoteInfo = "Alamofire tvOS Tests";
		};
		8DE36F372308F9A300E4FCF9 /* PBXContainerItemProxy */ = {
			isa = PBXContainerItemProxy;
			containerPortal = 8DE36F202308F9A300E4FCF9 /* Alamofire.xcodeproj */;
			proxyType = 2;
			remoteGlobalIDString = E4202FE01B667AA100C997FB;
			remoteInfo = "Alamofire watchOS";
		};
		8DE36F402308F9CE00E4FCF9 /* PBXContainerItemProxy */ = {
			isa = PBXContainerItemProxy;
			containerPortal = 8DE36F202308F9A300E4FCF9 /* Alamofire.xcodeproj */;
			proxyType = 1;
			remoteGlobalIDString = F8111E3219A95C8B0040E7D1;
			remoteInfo = "Alamofire iOS";
		};
		8DE36F482308F9E800E4FCF9 /* PBXContainerItemProxy */ = {
			isa = PBXContainerItemProxy;
			containerPortal = 8DE36F432308F9E800E4FCF9 /* DifferenceKit.xcodeproj */;
			proxyType = 2;
			remoteGlobalIDString = 6B2DF86E210E2C12004D2D40;
			remoteInfo = DifferenceKit;
		};
		8DE36F4A2308F9E800E4FCF9 /* PBXContainerItemProxy */ = {
			isa = PBXContainerItemProxy;
			containerPortal = 8DE36F432308F9E800E4FCF9 /* DifferenceKit.xcodeproj */;
			proxyType = 2;
			remoteGlobalIDString = 6B2DF877210E2C12004D2D40;
			remoteInfo = Tests;
		};
		8DE36F562308F9F300E4FCF9 /* PBXContainerItemProxy */ = {
			isa = PBXContainerItemProxy;
			containerPortal = 8DE36F4C2308F9F300E4FCF9 /* ReactiveSwift.xcodeproj */;
			proxyType = 2;
			remoteGlobalIDString = D04725EA19E49ED7006002AA;
			remoteInfo = "ReactiveSwift-macOS";
		};
		8DE36F582308F9F300E4FCF9 /* PBXContainerItemProxy */ = {
			isa = PBXContainerItemProxy;
			containerPortal = 8DE36F4C2308F9F300E4FCF9 /* ReactiveSwift.xcodeproj */;
			proxyType = 2;
			remoteGlobalIDString = D04725F519E49ED7006002AA;
			remoteInfo = "ReactiveSwift-macOSTests";
		};
		8DE36F5A2308F9F300E4FCF9 /* PBXContainerItemProxy */ = {
			isa = PBXContainerItemProxy;
			containerPortal = 8DE36F4C2308F9F300E4FCF9 /* ReactiveSwift.xcodeproj */;
			proxyType = 2;
			remoteGlobalIDString = D047260C19E49F82006002AA;
			remoteInfo = "ReactiveSwift-iOS";
		};
		8DE36F5C2308F9F300E4FCF9 /* PBXContainerItemProxy */ = {
			isa = PBXContainerItemProxy;
			containerPortal = 8DE36F4C2308F9F300E4FCF9 /* ReactiveSwift.xcodeproj */;
			proxyType = 2;
			remoteGlobalIDString = D047261619E49F82006002AA;
			remoteInfo = "ReactiveSwift-iOSTests";
		};
		8DE36F5E2308F9F300E4FCF9 /* PBXContainerItemProxy */ = {
			isa = PBXContainerItemProxy;
			containerPortal = 8DE36F4C2308F9F300E4FCF9 /* ReactiveSwift.xcodeproj */;
			proxyType = 2;
			remoteGlobalIDString = A9B315541B3940610001CB9C;
			remoteInfo = "ReactiveSwift-watchOS";
		};
		8DE36F602308F9F300E4FCF9 /* PBXContainerItemProxy */ = {
			isa = PBXContainerItemProxy;
			containerPortal = 8DE36F4C2308F9F300E4FCF9 /* ReactiveSwift.xcodeproj */;
			proxyType = 2;
			remoteGlobalIDString = 57A4D2411BA13D7A00F7D4B1;
			remoteInfo = "ReactiveSwift-tvOS";
		};
		8DE36F622308F9F300E4FCF9 /* PBXContainerItemProxy */ = {
			isa = PBXContainerItemProxy;
			containerPortal = 8DE36F4C2308F9F300E4FCF9 /* ReactiveSwift.xcodeproj */;
			proxyType = 2;
			remoteGlobalIDString = 7DFBED031CDB8C9500EE435B;
			remoteInfo = "ReactiveSwift-tvOSTests";
		};
		8DE36F662308FA2800E4FCF9 /* PBXContainerItemProxy */ = {
			isa = PBXContainerItemProxy;
			containerPortal = 8DE36F4C2308F9F300E4FCF9 /* ReactiveSwift.xcodeproj */;
			proxyType = 1;
			remoteGlobalIDString = D047260B19E49F82006002AA;
			remoteInfo = "ReactiveSwift-iOS";
		};
		8DE36F6A2308FA4C00E4FCF9 /* PBXContainerItemProxy */ = {
			isa = PBXContainerItemProxy;
			containerPortal = 8DE36F432308F9E800E4FCF9 /* DifferenceKit.xcodeproj */;
			proxyType = 1;
			remoteGlobalIDString = 6B2DF86D210E2C12004D2D40;
			remoteInfo = DifferenceKit;
		};
/* End PBXContainerItemProxy section */

/* Begin PBXCopyFilesBuildPhase section */
		8DE36F422308F9CF00E4FCF9 /* Embed Frameworks */ = {
			isa = PBXCopyFilesBuildPhase;
			buildActionMask = 2147483647;
			dstPath = "";
			dstSubfolderSpec = 10;
			files = (
				8DE36F3F2308F9CE00E4FCF9 /* Alamofire.framework in Embed Frameworks */,
				8DE36F652308FA2800E4FCF9 /* ReactiveSwift.framework in Embed Frameworks */,
				8DE36F692308FA4C00E4FCF9 /* DifferenceKit.framework in Embed Frameworks */,
			);
			name = "Embed Frameworks";
			runOnlyForDeploymentPostprocessing = 0;
		};
/* End PBXCopyFilesBuildPhase section */

/* Begin PBXFileReference section */
		8D6F204D23091249005BD2D8 /* Network.swift */ = {isa = PBXFileReference; lastKnownFileType = sourcecode.swift; path = Network.swift; sourceTree = "<group>"; };
		8D6F2094230C1AF6005BD2D8 /* Repository.swift */ = {isa = PBXFileReference; lastKnownFileType = sourcecode.swift; path = Repository.swift; sourceTree = "<group>"; };
		8D6F20B0230C256B005BD2D8 /* AvatarSearchView.swift */ = {isa = PBXFileReference; lastKnownFileType = sourcecode.swift; path = AvatarSearchView.swift; sourceTree = "<group>"; };
		8D6F20B2230C2656005BD2D8 /* AvatarSearchViewState.swift */ = {isa = PBXFileReference; lastKnownFileType = sourcecode.swift; path = AvatarSearchViewState.swift; sourceTree = "<group>"; };
		8D6F20B4230CD40B005BD2D8 /* SearchHistoryViewController.swift */ = {isa = PBXFileReference; lastKnownFileType = sourcecode.swift; path = SearchHistoryViewController.swift; sourceTree = "<group>"; };
		8D6F20B6230CD543005BD2D8 /* SearchHistoryView.swift */ = {isa = PBXFileReference; lastKnownFileType = sourcecode.swift; path = SearchHistoryView.swift; sourceTree = "<group>"; };
		8D6F20B8230CD6EC005BD2D8 /* SearchHistoryViewState.swift */ = {isa = PBXFileReference; lastKnownFileType = sourcecode.swift; path = SearchHistoryViewState.swift; sourceTree = "<group>"; };
		8D6F20BA230D0F27005BD2D8 /* Helper.swift */ = {isa = PBXFileReference; lastKnownFileType = sourcecode.swift; path = Helper.swift; sourceTree = "<group>"; };
		8DE36D22230792DD00E4FCF9 /* RoboHash.app */ = {isa = PBXFileReference; explicitFileType = wrapper.application; includeInIndex = 0; path = RoboHash.app; sourceTree = BUILT_PRODUCTS_DIR; };
		8DE36D25230792DD00E4FCF9 /* AppDelegate.swift */ = {isa = PBXFileReference; lastKnownFileType = sourcecode.swift; path = AppDelegate.swift; sourceTree = "<group>"; };
		8DE36D27230792DD00E4FCF9 /* AvatarSearchViewController.swift */ = {isa = PBXFileReference; lastKnownFileType = sourcecode.swift; path = AvatarSearchViewController.swift; sourceTree = "<group>"; };
		8DE36D2A230792DD00E4FCF9 /* Base */ = {isa = PBXFileReference; lastKnownFileType = file.storyboard; name = Base; path = Base.lproj/Main.storyboard; sourceTree = "<group>"; };
		8DE36D2D230792DD00E4FCF9 /* RoboHash.xcdatamodel */ = {isa = PBXFileReference; lastKnownFileType = wrapper.xcdatamodel; path = RoboHash.xcdatamodel; sourceTree = "<group>"; };
		8DE36D2F230792DF00E4FCF9 /* Assets.xcassets */ = {isa = PBXFileReference; lastKnownFileType = folder.assetcatalog; path = Assets.xcassets; sourceTree = "<group>"; };
		8DE36D32230792DF00E4FCF9 /* Base */ = {isa = PBXFileReference; lastKnownFileType = file.storyboard; name = Base; path = Base.lproj/LaunchScreen.storyboard; sourceTree = "<group>"; };
		8DE36D34230792DF00E4FCF9 /* Info.plist */ = {isa = PBXFileReference; lastKnownFileType = text.plist.xml; path = Info.plist; sourceTree = "<group>"; };
		8DE36D39230792DF00E4FCF9 /* RoboHashTests.xctest */ = {isa = PBXFileReference; explicitFileType = wrapper.cfbundle; includeInIndex = 0; path = RoboHashTests.xctest; sourceTree = BUILT_PRODUCTS_DIR; };
		8DE36D3D230792DF00E4FCF9 /* RoboHashTests.swift */ = {isa = PBXFileReference; lastKnownFileType = sourcecode.swift; path = RoboHashTests.swift; sourceTree = "<group>"; };
		8DE36D3F230792DF00E4FCF9 /* Info.plist */ = {isa = PBXFileReference; lastKnownFileType = text.plist.xml; path = Info.plist; sourceTree = "<group>"; };
		8DE36D44230792DF00E4FCF9 /* RoboHashUITests.xctest */ = {isa = PBXFileReference; explicitFileType = wrapper.cfbundle; includeInIndex = 0; path = RoboHashUITests.xctest; sourceTree = BUILT_PRODUCTS_DIR; };
		8DE36D48230792DF00E4FCF9 /* RoboHashUITests.swift */ = {isa = PBXFileReference; lastKnownFileType = sourcecode.swift; path = RoboHashUITests.swift; sourceTree = "<group>"; };
		8DE36D4A230792DF00E4FCF9 /* Info.plist */ = {isa = PBXFileReference; lastKnownFileType = text.plist.xml; path = Info.plist; sourceTree = "<group>"; };
		8DE36D5623079A3500E4FCF9 /* CoreDataStack.swift */ = {isa = PBXFileReference; lastKnownFileType = sourcecode.swift; path = CoreDataStack.swift; sourceTree = "<group>"; };
		8DE36D582307B95100E4FCF9 /* RoboHashDataBase.swift */ = {isa = PBXFileReference; lastKnownFileType = sourcecode.swift; path = RoboHashDataBase.swift; sourceTree = "<group>"; };
		8DE36F202308F9A300E4FCF9 /* Alamofire.xcodeproj */ = {isa = PBXFileReference; lastKnownFileType = "wrapper.pb-project"; name = Alamofire.xcodeproj; path = Carthage/Checkouts/Alamofire/Alamofire.xcodeproj; sourceTree = SOURCE_ROOT; };
		8DE36F432308F9E800E4FCF9 /* DifferenceKit.xcodeproj */ = {isa = PBXFileReference; lastKnownFileType = "wrapper.pb-project"; name = DifferenceKit.xcodeproj; path = Carthage/Checkouts/DifferenceKit/DifferenceKit.xcodeproj; sourceTree = SOURCE_ROOT; };
		8DE36F4C2308F9F300E4FCF9 /* ReactiveSwift.xcodeproj */ = {isa = PBXFileReference; lastKnownFileType = "wrapper.pb-project"; name = ReactiveSwift.xcodeproj; path = Carthage/Checkouts/ReactiveSwift/ReactiveSwift.xcodeproj; sourceTree = SOURCE_ROOT; };
		8DE36F6C2308FB1100E4FCF9 /* API.swift */ = {isa = PBXFileReference; lastKnownFileType = sourcecode.swift; path = API.swift; sourceTree = "<group>"; };
/* End PBXFileReference section */

/* Begin PBXFrameworksBuildPhase section */
		8DE36D1F230792DD00E4FCF9 /* Frameworks */ = {
			isa = PBXFrameworksBuildPhase;
			buildActionMask = 2147483647;
			files = (
				8DE36F3E2308F9CE00E4FCF9 /* Alamofire.framework in Frameworks */,
				8DE36F642308FA2800E4FCF9 /* ReactiveSwift.framework in Frameworks */,
				8DE36F682308FA4C00E4FCF9 /* DifferenceKit.framework in Frameworks */,
			);
			runOnlyForDeploymentPostprocessing = 0;
		};
		8DE36D36230792DF00E4FCF9 /* Frameworks */ = {
			isa = PBXFrameworksBuildPhase;
			buildActionMask = 2147483647;
			files = (
			);
			runOnlyForDeploymentPostprocessing = 0;
		};
		8DE36D41230792DF00E4FCF9 /* Frameworks */ = {
			isa = PBXFrameworksBuildPhase;
			buildActionMask = 2147483647;
			files = (
			);
			runOnlyForDeploymentPostprocessing = 0;
		};
/* End PBXFrameworksBuildPhase section */

/* Begin PBXGroup section */
		8D6F20BC230D4741005BD2D8 /* AvatarSearch */ = {
			isa = PBXGroup;
			children = (
				8D6F20BD230D4791005BD2D8 /* Controller */,
				8D6F20BE230D47A1005BD2D8 /* View */,
			);
			path = AvatarSearch;
			sourceTree = "<group>";
		};
		8D6F20BD230D4791005BD2D8 /* Controller */ = {
			isa = PBXGroup;
			children = (
				8DE36D27230792DD00E4FCF9 /* AvatarSearchViewController.swift */,
			);
			path = Controller;
			sourceTree = "<group>";
		};
		8D6F20BE230D47A1005BD2D8 /* View */ = {
			isa = PBXGroup;
			children = (
				8D6F20B0230C256B005BD2D8 /* AvatarSearchView.swift */,
				8D6F20B2230C2656005BD2D8 /* AvatarSearchViewState.swift */,
			);
			path = View;
			sourceTree = "<group>";
		};
		8D6F20BF230D47B7005BD2D8 /* SearchHistory */ = {
			isa = PBXGroup;
			children = (
				8D6F20C0230D47CC005BD2D8 /* Controller */,
				8D6F20C1230D47D6005BD2D8 /* View */,
			);
			path = SearchHistory;
			sourceTree = "<group>";
		};
		8D6F20C0230D47CC005BD2D8 /* Controller */ = {
			isa = PBXGroup;
			children = (
				8D6F20B4230CD40B005BD2D8 /* SearchHistoryViewController.swift */,
			);
			path = Controller;
			sourceTree = "<group>";
		};
		8D6F20C1230D47D6005BD2D8 /* View */ = {
			isa = PBXGroup;
			children = (
				8D6F20B6230CD543005BD2D8 /* SearchHistoryView.swift */,
				8D6F20B8230CD6EC005BD2D8 /* SearchHistoryViewState.swift */,
			);
			path = View;
			sourceTree = "<group>";
		};
		8D6F20C2230D47E2005BD2D8 /* Repository */ = {
			isa = PBXGroup;
			children = (
				8D6F2094230C1AF6005BD2D8 /* Repository.swift */,
			);
			path = Repository;
			sourceTree = "<group>";
		};
		8D6F20C3230D47F5005BD2D8 /* Networking */ = {
			isa = PBXGroup;
			children = (
				8DE36F6C2308FB1100E4FCF9 /* API.swift */,
				8D6F204D23091249005BD2D8 /* Network.swift */,
			);
			path = Networking;
			sourceTree = "<group>";
		};
		8D6F20C4230D4804005BD2D8 /* Database */ = {
			isa = PBXGroup;
			children = (
				8DE36D2C230792DD00E4FCF9 /* RoboHash.xcdatamodeld */,
				8DE36D5623079A3500E4FCF9 /* CoreDataStack.swift */,
				8DE36D582307B95100E4FCF9 /* RoboHashDataBase.swift */,
			);
			path = Database;
			sourceTree = "<group>";
		};
		8D6F20C5230D4817005BD2D8 /* Helpers */ = {
			isa = PBXGroup;
			children = (
				8D6F20BA230D0F27005BD2D8 /* Helper.swift */,
			);
			path = Helpers;
			sourceTree = "<group>";
		};
		8D6F20C6230D483F005BD2D8 /* Carthage */ = {
			isa = PBXGroup;
			children = (
				8DE36F4C2308F9F300E4FCF9 /* ReactiveSwift.xcodeproj */,
				8DE36F432308F9E800E4FCF9 /* DifferenceKit.xcodeproj */,
				8DE36F202308F9A300E4FCF9 /* Alamofire.xcodeproj */,
			);
			path = Carthage;
			sourceTree = "<group>";
		};
		8DE36D19230792DD00E4FCF9 = {
			isa = PBXGroup;
			children = (
				8DE36D24230792DD00E4FCF9 /* RoboHash */,
				8DE36D3C230792DF00E4FCF9 /* RoboHashTests */,
				8DE36D47230792DF00E4FCF9 /* RoboHashUITests */,
				8DE36D23230792DD00E4FCF9 /* Products */,
			);
			sourceTree = "<group>";
		};
		8DE36D23230792DD00E4FCF9 /* Products */ = {
			isa = PBXGroup;
			children = (
				8DE36D22230792DD00E4FCF9 /* RoboHash.app */,
				8DE36D39230792DF00E4FCF9 /* RoboHashTests.xctest */,
				8DE36D44230792DF00E4FCF9 /* RoboHashUITests.xctest */,
			);
			name = Products;
			sourceTree = "<group>";
		};
		8DE36D24230792DD00E4FCF9 /* RoboHash */ = {
			isa = PBXGroup;
			children = (
				8DE36D25230792DD00E4FCF9 /* AppDelegate.swift */,
				8DE36D29230792DD00E4FCF9 /* Main.storyboard */,
				8D6F20BC230D4741005BD2D8 /* AvatarSearch */,
				8D6F20BF230D47B7005BD2D8 /* SearchHistory */,
				8D6F20C2230D47E2005BD2D8 /* Repository */,
				8D6F20C3230D47F5005BD2D8 /* Networking */,
				8D6F20C4230D4804005BD2D8 /* Database */,
				8D6F20C5230D4817005BD2D8 /* Helpers */,
				8DE36D2F230792DF00E4FCF9 /* Assets.xcassets */,
				8DE36D31230792DF00E4FCF9 /* LaunchScreen.storyboard */,
				8DE36D34230792DF00E4FCF9 /* Info.plist */,
				8D6F20C6230D483F005BD2D8 /* Carthage */,
			);
			path = RoboHash;
			sourceTree = "<group>";
		};
		8DE36D3C230792DF00E4FCF9 /* RoboHashTests */ = {
			isa = PBXGroup;
			children = (
				8DE36D3D230792DF00E4FCF9 /* RoboHashTests.swift */,
				8DE36D3F230792DF00E4FCF9 /* Info.plist */,
			);
			path = RoboHashTests;
			sourceTree = "<group>";
		};
		8DE36D47230792DF00E4FCF9 /* RoboHashUITests */ = {
			isa = PBXGroup;
			children = (
				8DE36D48230792DF00E4FCF9 /* RoboHashUITests.swift */,
				8DE36D4A230792DF00E4FCF9 /* Info.plist */,
			);
			path = RoboHashUITests;
			sourceTree = "<group>";
		};
		8DE36F212308F9A300E4FCF9 /* Products */ = {
			isa = PBXGroup;
			children = (
				8DE36F2C2308F9A300E4FCF9 /* Alamofire.framework */,
				8DE36F2E2308F9A300E4FCF9 /* Alamofire iOS Tests.xctest */,
				8DE36F302308F9A300E4FCF9 /* Alamofire.framework */,
				8DE36F322308F9A300E4FCF9 /* Alamofire macOS Tests.xctest */,
				8DE36F342308F9A300E4FCF9 /* Alamofire.framework */,
				8DE36F362308F9A300E4FCF9 /* Alamofire tvOS Tests.xctest */,
				8DE36F382308F9A300E4FCF9 /* Alamofire.framework */,
			);
			name = Products;
			sourceTree = "<group>";
		};
		8DE36F442308F9E800E4FCF9 /* Products */ = {
			isa = PBXGroup;
			children = (
				8DE36F492308F9E800E4FCF9 /* DifferenceKit.framework */,
				8DE36F4B2308F9E800E4FCF9 /* Tests.xctest */,
			);
			name = Products;
			sourceTree = "<group>";
		};
		8DE36F4D2308F9F300E4FCF9 /* Products */ = {
			isa = PBXGroup;
			children = (
				8DE36F572308F9F300E4FCF9 /* ReactiveSwift.framework */,
				8DE36F592308F9F300E4FCF9 /* ReactiveSwiftTests.xctest */,
				8DE36F5B2308F9F300E4FCF9 /* ReactiveSwift.framework */,
				8DE36F5D2308F9F300E4FCF9 /* ReactiveSwiftTests.xctest */,
				8DE36F5F2308F9F300E4FCF9 /* ReactiveSwift.framework */,
				8DE36F612308F9F300E4FCF9 /* ReactiveSwift.framework */,
				8DE36F632308F9F300E4FCF9 /* ReactiveSwiftTests.xctest */,
			);
			name = Products;
			sourceTree = "<group>";
		};
/* End PBXGroup section */

/* Begin PBXNativeTarget section */
		8DE36D21230792DD00E4FCF9 /* RoboHash */ = {
			isa = PBXNativeTarget;
			buildConfigurationList = 8DE36D4D230792DF00E4FCF9 /* Build configuration list for PBXNativeTarget "RoboHash" */;
			buildPhases = (
				8DE36D1E230792DD00E4FCF9 /* Sources */,
				8DE36D1F230792DD00E4FCF9 /* Frameworks */,
				8DE36D20230792DD00E4FCF9 /* Resources */,
				8DE36F422308F9CF00E4FCF9 /* Embed Frameworks */,
			);
			buildRules = (
			);
			dependencies = (
				8DE36F412308F9CE00E4FCF9 /* PBXTargetDependency */,
				8DE36F672308FA2800E4FCF9 /* PBXTargetDependency */,
				8DE36F6B2308FA4C00E4FCF9 /* PBXTargetDependency */,
			);
			name = RoboHash;
			productName = RoboHash;
			productReference = 8DE36D22230792DD00E4FCF9 /* RoboHash.app */;
			productType = "com.apple.product-type.application";
		};
		8DE36D38230792DF00E4FCF9 /* RoboHashTests */ = {
			isa = PBXNativeTarget;
			buildConfigurationList = 8DE36D50230792DF00E4FCF9 /* Build configuration list for PBXNativeTarget "RoboHashTests" */;
			buildPhases = (
				8DE36D35230792DF00E4FCF9 /* Sources */,
				8DE36D36230792DF00E4FCF9 /* Frameworks */,
				8DE36D37230792DF00E4FCF9 /* Resources */,
			);
			buildRules = (
			);
			dependencies = (
				8DE36D3B230792DF00E4FCF9 /* PBXTargetDependency */,
			);
			name = RoboHashTests;
			productName = RoboHashTests;
			productReference = 8DE36D39230792DF00E4FCF9 /* RoboHashTests.xctest */;
			productType = "com.apple.product-type.bundle.unit-test";
		};
		8DE36D43230792DF00E4FCF9 /* RoboHashUITests */ = {
			isa = PBXNativeTarget;
			buildConfigurationList = 8DE36D53230792DF00E4FCF9 /* Build configuration list for PBXNativeTarget "RoboHashUITests" */;
			buildPhases = (
				8DE36D40230792DF00E4FCF9 /* Sources */,
				8DE36D41230792DF00E4FCF9 /* Frameworks */,
				8DE36D42230792DF00E4FCF9 /* Resources */,
			);
			buildRules = (
			);
			dependencies = (
				8DE36D46230792DF00E4FCF9 /* PBXTargetDependency */,
			);
			name = RoboHashUITests;
			productName = RoboHashUITests;
			productReference = 8DE36D44230792DF00E4FCF9 /* RoboHashUITests.xctest */;
			productType = "com.apple.product-type.bundle.ui-testing";
		};
/* End PBXNativeTarget section */

/* Begin PBXProject section */
		8DE36D1A230792DD00E4FCF9 /* Project object */ = {
			isa = PBXProject;
			attributes = {
				LastSwiftUpdateCheck = 1030;
				LastUpgradeCheck = 1030;
				ORGANIZATIONNAME = "Navin  Dev";
				TargetAttributes = {
					8DE36D21230792DD00E4FCF9 = {
						CreatedOnToolsVersion = 10.3;
					};
					8DE36D38230792DF00E4FCF9 = {
						CreatedOnToolsVersion = 10.3;
						TestTargetID = 8DE36D21230792DD00E4FCF9;
					};
					8DE36D43230792DF00E4FCF9 = {
						CreatedOnToolsVersion = 10.3;
						TestTargetID = 8DE36D21230792DD00E4FCF9;
					};
				};
			};
			buildConfigurationList = 8DE36D1D230792DD00E4FCF9 /* Build configuration list for PBXProject "RoboHash" */;
			compatibilityVersion = "Xcode 9.3";
			developmentRegion = en;
			hasScannedForEncodings = 0;
			knownRegions = (
				en,
				Base,
			);
			mainGroup = 8DE36D19230792DD00E4FCF9;
			productRefGroup = 8DE36D23230792DD00E4FCF9 /* Products */;
			projectDirPath = "";
			projectReferences = (
				{
					ProductGroup = 8DE36F212308F9A300E4FCF9 /* Products */;
					ProjectRef = 8DE36F202308F9A300E4FCF9 /* Alamofire.xcodeproj */;
				},
				{
					ProductGroup = 8DE36F442308F9E800E4FCF9 /* Products */;
					ProjectRef = 8DE36F432308F9E800E4FCF9 /* DifferenceKit.xcodeproj */;
				},
				{
					ProductGroup = 8DE36F4D2308F9F300E4FCF9 /* Products */;
					ProjectRef = 8DE36F4C2308F9F300E4FCF9 /* ReactiveSwift.xcodeproj */;
				},
			);
			projectRoot = "";
			targets = (
				8DE36D21230792DD00E4FCF9 /* RoboHash */,
				8DE36D38230792DF00E4FCF9 /* RoboHashTests */,
				8DE36D43230792DF00E4FCF9 /* RoboHashUITests */,
			);
		};
/* End PBXProject section */

/* Begin PBXReferenceProxy section */
		8DE36F2C2308F9A300E4FCF9 /* Alamofire.framework */ = {
			isa = PBXReferenceProxy;
			fileType = wrapper.framework;
			path = Alamofire.framework;
			remoteRef = 8DE36F2B2308F9A300E4FCF9 /* PBXContainerItemProxy */;
			sourceTree = BUILT_PRODUCTS_DIR;
		};
		8DE36F2E2308F9A300E4FCF9 /* Alamofire iOS Tests.xctest */ = {
			isa = PBXReferenceProxy;
			fileType = wrapper.cfbundle;
			path = "Alamofire iOS Tests.xctest";
			remoteRef = 8DE36F2D2308F9A300E4FCF9 /* PBXContainerItemProxy */;
			sourceTree = BUILT_PRODUCTS_DIR;
		};
		8DE36F302308F9A300E4FCF9 /* Alamofire.framework */ = {
			isa = PBXReferenceProxy;
			fileType = wrapper.framework;
			path = Alamofire.framework;
			remoteRef = 8DE36F2F2308F9A300E4FCF9 /* PBXContainerItemProxy */;
			sourceTree = BUILT_PRODUCTS_DIR;
		};
		8DE36F322308F9A300E4FCF9 /* Alamofire macOS Tests.xctest */ = {
			isa = PBXReferenceProxy;
			fileType = wrapper.cfbundle;
			path = "Alamofire macOS Tests.xctest";
			remoteRef = 8DE36F312308F9A300E4FCF9 /* PBXContainerItemProxy */;
			sourceTree = BUILT_PRODUCTS_DIR;
		};
		8DE36F342308F9A300E4FCF9 /* Alamofire.framework */ = {
			isa = PBXReferenceProxy;
			fileType = wrapper.framework;
			path = Alamofire.framework;
			remoteRef = 8DE36F332308F9A300E4FCF9 /* PBXContainerItemProxy */;
			sourceTree = BUILT_PRODUCTS_DIR;
		};
		8DE36F362308F9A300E4FCF9 /* Alamofire tvOS Tests.xctest */ = {
			isa = PBXReferenceProxy;
			fileType = wrapper.cfbundle;
			path = "Alamofire tvOS Tests.xctest";
			remoteRef = 8DE36F352308F9A300E4FCF9 /* PBXContainerItemProxy */;
			sourceTree = BUILT_PRODUCTS_DIR;
		};
		8DE36F382308F9A300E4FCF9 /* Alamofire.framework */ = {
			isa = PBXReferenceProxy;
			fileType = wrapper.framework;
			path = Alamofire.framework;
			remoteRef = 8DE36F372308F9A300E4FCF9 /* PBXContainerItemProxy */;
			sourceTree = BUILT_PRODUCTS_DIR;
		};
		8DE36F492308F9E800E4FCF9 /* DifferenceKit.framework */ = {
			isa = PBXReferenceProxy;
			fileType = wrapper.framework;
			path = DifferenceKit.framework;
			remoteRef = 8DE36F482308F9E800E4FCF9 /* PBXContainerItemProxy */;
			sourceTree = BUILT_PRODUCTS_DIR;
		};
		8DE36F4B2308F9E800E4FCF9 /* Tests.xctest */ = {
			isa = PBXReferenceProxy;
			fileType = wrapper.cfbundle;
			path = Tests.xctest;
			remoteRef = 8DE36F4A2308F9E800E4FCF9 /* PBXContainerItemProxy */;
			sourceTree = BUILT_PRODUCTS_DIR;
		};
		8DE36F572308F9F300E4FCF9 /* ReactiveSwift.framework */ = {
			isa = PBXReferenceProxy;
			fileType = wrapper.framework;
			path = ReactiveSwift.framework;
			remoteRef = 8DE36F562308F9F300E4FCF9 /* PBXContainerItemProxy */;
			sourceTree = BUILT_PRODUCTS_DIR;
		};
		8DE36F592308F9F300E4FCF9 /* ReactiveSwiftTests.xctest */ = {
			isa = PBXReferenceProxy;
			fileType = wrapper.cfbundle;
			path = ReactiveSwiftTests.xctest;
			remoteRef = 8DE36F582308F9F300E4FCF9 /* PBXContainerItemProxy */;
			sourceTree = BUILT_PRODUCTS_DIR;
		};
		8DE36F5B2308F9F300E4FCF9 /* ReactiveSwift.framework */ = {
			isa = PBXReferenceProxy;
			fileType = wrapper.framework;
			path = ReactiveSwift.framework;
			remoteRef = 8DE36F5A2308F9F300E4FCF9 /* PBXContainerItemProxy */;
			sourceTree = BUILT_PRODUCTS_DIR;
		};
		8DE36F5D2308F9F300E4FCF9 /* ReactiveSwiftTests.xctest */ = {
			isa = PBXReferenceProxy;
			fileType = wrapper.cfbundle;
			path = ReactiveSwiftTests.xctest;
			remoteRef = 8DE36F5C2308F9F300E4FCF9 /* PBXContainerItemProxy */;
			sourceTree = BUILT_PRODUCTS_DIR;
		};
		8DE36F5F2308F9F300E4FCF9 /* ReactiveSwift.framework */ = {
			isa = PBXReferenceProxy;
			fileType = wrapper.framework;
			path = ReactiveSwift.framework;
			remoteRef = 8DE36F5E2308F9F300E4FCF9 /* PBXContainerItemProxy */;
			sourceTree = BUILT_PRODUCTS_DIR;
		};
		8DE36F612308F9F300E4FCF9 /* ReactiveSwift.framework */ = {
			isa = PBXReferenceProxy;
			fileType = wrapper.framework;
			path = ReactiveSwift.framework;
			remoteRef = 8DE36F602308F9F300E4FCF9 /* PBXContainerItemProxy */;
			sourceTree = BUILT_PRODUCTS_DIR;
		};
		8DE36F632308F9F300E4FCF9 /* ReactiveSwiftTests.xctest */ = {
			isa = PBXReferenceProxy;
			fileType = wrapper.cfbundle;
			path = ReactiveSwiftTests.xctest;
			remoteRef = 8DE36F622308F9F300E4FCF9 /* PBXContainerItemProxy */;
			sourceTree = BUILT_PRODUCTS_DIR;
		};
/* End PBXReferenceProxy section */

/* Begin PBXResourcesBuildPhase section */
		8DE36D20230792DD00E4FCF9 /* Resources */ = {
			isa = PBXResourcesBuildPhase;
			buildActionMask = 2147483647;
			files = (
				8DE36D33230792DF00E4FCF9 /* LaunchScreen.storyboard in Resources */,
				8DE36D30230792DF00E4FCF9 /* Assets.xcassets in Resources */,
				8DE36D2B230792DD00E4FCF9 /* Main.storyboard in Resources */,
			);
			runOnlyForDeploymentPostprocessing = 0;
		};
		8DE36D37230792DF00E4FCF9 /* Resources */ = {
			isa = PBXResourcesBuildPhase;
			buildActionMask = 2147483647;
			files = (
			);
			runOnlyForDeploymentPostprocessing = 0;
		};
		8DE36D42230792DF00E4FCF9 /* Resources */ = {
			isa = PBXResourcesBuildPhase;
			buildActionMask = 2147483647;
			files = (
			);
			runOnlyForDeploymentPostprocessing = 0;
		};
/* End PBXResourcesBuildPhase section */

/* Begin PBXSourcesBuildPhase section */
		8DE36D1E230792DD00E4FCF9 /* Sources */ = {
			isa = PBXSourcesBuildPhase;
			buildActionMask = 2147483647;
			files = (
				8DE36D2E230792DD00E4FCF9 /* RoboHash.xcdatamodeld in Sources */,
				8D6F20BB230D0F27005BD2D8 /* Helper.swift in Sources */,
				8D6F20B3230C2656005BD2D8 /* AvatarSearchViewState.swift in Sources */,
				8DE36D592307B95100E4FCF9 /* RoboHashDataBase.swift in Sources */,
				8DE36F6D2308FB1100E4FCF9 /* API.swift in Sources */,
				8D6F2095230C1AF6005BD2D8 /* Repository.swift in Sources */,
				8D6F20B7230CD543005BD2D8 /* SearchHistoryView.swift in Sources */,
				8D6F20B5230CD40B005BD2D8 /* SearchHistoryViewController.swift in Sources */,
				8DE36D5723079A3500E4FCF9 /* CoreDataStack.swift in Sources */,
				8DE36D28230792DD00E4FCF9 /* AvatarSearchViewController.swift in Sources */,
				8DE36D26230792DD00E4FCF9 /* AppDelegate.swift in Sources */,
				8D6F20B9230CD6EC005BD2D8 /* SearchHistoryViewState.swift in Sources */,
				8D6F20B1230C256B005BD2D8 /* AvatarSearchView.swift in Sources */,
				8D6F204E23091249005BD2D8 /* Network.swift in Sources */,
			);
			runOnlyForDeploymentPostprocessing = 0;
		};
		8DE36D35230792DF00E4FCF9 /* Sources */ = {
			isa = PBXSourcesBuildPhase;
			buildActionMask = 2147483647;
			files = (
				8DE36D3E230792DF00E4FCF9 /* RoboHashTests.swift in Sources */,
			);
			runOnlyForDeploymentPostprocessing = 0;
		};
		8DE36D40230792DF00E4FCF9 /* Sources */ = {
			isa = PBXSourcesBuildPhase;
			buildActionMask = 2147483647;
			files = (
				8DE36D49230792DF00E4FCF9 /* RoboHashUITests.swift in Sources */,
			);
			runOnlyForDeploymentPostprocessing = 0;
		};
/* End PBXSourcesBuildPhase section */

/* Begin PBXTargetDependency section */
		8DE36D3B230792DF00E4FCF9 /* PBXTargetDependency */ = {
			isa = PBXTargetDependency;
			target = 8DE36D21230792DD00E4FCF9 /* RoboHash */;
			targetProxy = 8DE36D3A230792DF00E4FCF9 /* PBXContainerItemProxy */;
		};
		8DE36D46230792DF00E4FCF9 /* PBXTargetDependency */ = {
			isa = PBXTargetDependency;
			target = 8DE36D21230792DD00E4FCF9 /* RoboHash */;
			targetProxy = 8DE36D45230792DF00E4FCF9 /* PBXContainerItemProxy */;
		};
		8DE36F412308F9CE00E4FCF9 /* PBXTargetDependency */ = {
			isa = PBXTargetDependency;
			name = "Alamofire iOS";
			targetProxy = 8DE36F402308F9CE00E4FCF9 /* PBXContainerItemProxy */;
		};
		8DE36F672308FA2800E4FCF9 /* PBXTargetDependency */ = {
			isa = PBXTargetDependency;
			name = "ReactiveSwift-iOS";
			targetProxy = 8DE36F662308FA2800E4FCF9 /* PBXContainerItemProxy */;
		};
		8DE36F6B2308FA4C00E4FCF9 /* PBXTargetDependency */ = {
			isa = PBXTargetDependency;
			name = DifferenceKit;
			targetProxy = 8DE36F6A2308FA4C00E4FCF9 /* PBXContainerItemProxy */;
		};
/* End PBXTargetDependency section */

/* Begin PBXVariantGroup section */
		8DE36D29230792DD00E4FCF9 /* Main.storyboard */ = {
			isa = PBXVariantGroup;
			children = (
				8DE36D2A230792DD00E4FCF9 /* Base */,
			);
			name = Main.storyboard;
			sourceTree = "<group>";
		};
		8DE36D31230792DF00E4FCF9 /* LaunchScreen.storyboard */ = {
			isa = PBXVariantGroup;
			children = (
				8DE36D32230792DF00E4FCF9 /* Base */,
			);
			name = LaunchScreen.storyboard;
			sourceTree = "<group>";
		};
/* End PBXVariantGroup section */

/* Begin XCBuildConfiguration section */
		8DE36D4B230792DF00E4FCF9 /* Debug */ = {
			isa = XCBuildConfiguration;
			buildSettings = {
				ALWAYS_SEARCH_USER_PATHS = NO;
				CLANG_ANALYZER_NONNULL = YES;
				CLANG_ANALYZER_NUMBER_OBJECT_CONVERSION = YES_AGGRESSIVE;
				CLANG_CXX_LANGUAGE_STANDARD = "gnu++14";
				CLANG_CXX_LIBRARY = "libc++";
				CLANG_ENABLE_MODULES = YES;
				CLANG_ENABLE_OBJC_ARC = YES;
				CLANG_ENABLE_OBJC_WEAK = YES;
				CLANG_WARN_BLOCK_CAPTURE_AUTORELEASING = YES;
				CLANG_WARN_BOOL_CONVERSION = YES;
				CLANG_WARN_COMMA = YES;
				CLANG_WARN_CONSTANT_CONVERSION = YES;
				CLANG_WARN_DEPRECATED_OBJC_IMPLEMENTATIONS = YES;
				CLANG_WARN_DIRECT_OBJC_ISA_USAGE = YES_ERROR;
				CLANG_WARN_DOCUMENTATION_COMMENTS = YES;
				CLANG_WARN_EMPTY_BODY = YES;
				CLANG_WARN_ENUM_CONVERSION = YES;
				CLANG_WARN_INFINITE_RECURSION = YES;
				CLANG_WARN_INT_CONVERSION = YES;
				CLANG_WARN_NON_LITERAL_NULL_CONVERSION = YES;
				CLANG_WARN_OBJC_IMPLICIT_RETAIN_SELF = YES;
				CLANG_WARN_OBJC_LITERAL_CONVERSION = YES;
				CLANG_WARN_OBJC_ROOT_CLASS = YES_ERROR;
				CLANG_WARN_RANGE_LOOP_ANALYSIS = YES;
				CLANG_WARN_STRICT_PROTOTYPES = YES;
				CLANG_WARN_SUSPICIOUS_MOVE = YES;
				CLANG_WARN_UNGUARDED_AVAILABILITY = YES_AGGRESSIVE;
				CLANG_WARN_UNREACHABLE_CODE = YES;
				CLANG_WARN__DUPLICATE_METHOD_MATCH = YES;
				CODE_SIGN_IDENTITY = "iPhone Developer";
				COPY_PHASE_STRIP = NO;
				DEBUG_INFORMATION_FORMAT = dwarf;
				ENABLE_STRICT_OBJC_MSGSEND = YES;
				ENABLE_TESTABILITY = YES;
				GCC_C_LANGUAGE_STANDARD = gnu11;
				GCC_DYNAMIC_NO_PIC = NO;
				GCC_NO_COMMON_BLOCKS = YES;
				GCC_OPTIMIZATION_LEVEL = 0;
				GCC_PREPROCESSOR_DEFINITIONS = (
					"DEBUG=1",
					"$(inherited)",
				);
				GCC_WARN_64_TO_32_BIT_CONVERSION = YES;
				GCC_WARN_ABOUT_RETURN_TYPE = YES_ERROR;
				GCC_WARN_UNDECLARED_SELECTOR = YES;
				GCC_WARN_UNINITIALIZED_AUTOS = YES_AGGRESSIVE;
				GCC_WARN_UNUSED_FUNCTION = YES;
				GCC_WARN_UNUSED_VARIABLE = YES;
				IPHONEOS_DEPLOYMENT_TARGET = 12.4;
				MTL_ENABLE_DEBUG_INFO = INCLUDE_SOURCE;
				MTL_FAST_MATH = YES;
				ONLY_ACTIVE_ARCH = YES;
				SDKROOT = iphoneos;
				SWIFT_ACTIVE_COMPILATION_CONDITIONS = DEBUG;
				SWIFT_OPTIMIZATION_LEVEL = "-Onone";
			};
			name = Debug;
		};
		8DE36D4C230792DF00E4FCF9 /* Release */ = {
			isa = XCBuildConfiguration;
			buildSettings = {
				ALWAYS_SEARCH_USER_PATHS = NO;
				CLANG_ANALYZER_NONNULL = YES;
				CLANG_ANALYZER_NUMBER_OBJECT_CONVERSION = YES_AGGRESSIVE;
				CLANG_CXX_LANGUAGE_STANDARD = "gnu++14";
				CLANG_CXX_LIBRARY = "libc++";
				CLANG_ENABLE_MODULES = YES;
				CLANG_ENABLE_OBJC_ARC = YES;
				CLANG_ENABLE_OBJC_WEAK = YES;
				CLANG_WARN_BLOCK_CAPTURE_AUTORELEASING = YES;
				CLANG_WARN_BOOL_CONVERSION = YES;
				CLANG_WARN_COMMA = YES;
				CLANG_WARN_CONSTANT_CONVERSION = YES;
				CLANG_WARN_DEPRECATED_OBJC_IMPLEMENTATIONS = YES;
				CLANG_WARN_DIRECT_OBJC_ISA_USAGE = YES_ERROR;
				CLANG_WARN_DOCUMENTATION_COMMENTS = YES;
				CLANG_WARN_EMPTY_BODY = YES;
				CLANG_WARN_ENUM_CONVERSION = YES;
				CLANG_WARN_INFINITE_RECURSION = YES;
				CLANG_WARN_INT_CONVERSION = YES;
				CLANG_WARN_NON_LITERAL_NULL_CONVERSION = YES;
				CLANG_WARN_OBJC_IMPLICIT_RETAIN_SELF = YES;
				CLANG_WARN_OBJC_LITERAL_CONVERSION = YES;
				CLANG_WARN_OBJC_ROOT_CLASS = YES_ERROR;
				CLANG_WARN_RANGE_LOOP_ANALYSIS = YES;
				CLANG_WARN_STRICT_PROTOTYPES = YES;
				CLANG_WARN_SUSPICIOUS_MOVE = YES;
				CLANG_WARN_UNGUARDED_AVAILABILITY = YES_AGGRESSIVE;
				CLANG_WARN_UNREACHABLE_CODE = YES;
				CLANG_WARN__DUPLICATE_METHOD_MATCH = YES;
				CODE_SIGN_IDENTITY = "iPhone Developer";
				COPY_PHASE_STRIP = NO;
				DEBUG_INFORMATION_FORMAT = "dwarf-with-dsym";
				ENABLE_NS_ASSERTIONS = NO;
				ENABLE_STRICT_OBJC_MSGSEND = YES;
				GCC_C_LANGUAGE_STANDARD = gnu11;
				GCC_NO_COMMON_BLOCKS = YES;
				GCC_WARN_64_TO_32_BIT_CONVERSION = YES;
				GCC_WARN_ABOUT_RETURN_TYPE = YES_ERROR;
				GCC_WARN_UNDECLARED_SELECTOR = YES;
				GCC_WARN_UNINITIALIZED_AUTOS = YES_AGGRESSIVE;
				GCC_WARN_UNUSED_FUNCTION = YES;
				GCC_WARN_UNUSED_VARIABLE = YES;
				IPHONEOS_DEPLOYMENT_TARGET = 12.4;
				MTL_ENABLE_DEBUG_INFO = NO;
				MTL_FAST_MATH = YES;
				SDKROOT = iphoneos;
				SWIFT_COMPILATION_MODE = wholemodule;
				SWIFT_OPTIMIZATION_LEVEL = "-O";
				VALIDATE_PRODUCT = YES;
			};
			name = Release;
		};
		8DE36D4E230792DF00E4FCF9 /* Debug */ = {
			isa = XCBuildConfiguration;
			buildSettings = {
				ALWAYS_EMBED_SWIFT_STANDARD_LIBRARIES = YES;
				ASSETCATALOG_COMPILER_APPICON_NAME = AppIcon;
				CODE_SIGN_STYLE = Manual;
				DEVELOPMENT_TEAM = "";
				INFOPLIST_FILE = RoboHash/Info.plist;
				LD_RUNPATH_SEARCH_PATHS = (
					"$(inherited)",
					"@executable_path/Frameworks",
				);
				PRODUCT_BUNDLE_IDENTIFIER = BB.RoboHash;
				PRODUCT_NAME = "$(TARGET_NAME)";
				PROVISIONING_PROFILE_SPECIFIER = "";
				SWIFT_VERSION = 5.0;
				TARGETED_DEVICE_FAMILY = "1,2";
			};
			name = Debug;
		};
		8DE36D4F230792DF00E4FCF9 /* Release */ = {
			isa = XCBuildConfiguration;
			buildSettings = {
				ALWAYS_EMBED_SWIFT_STANDARD_LIBRARIES = YES;
				ASSETCATALOG_COMPILER_APPICON_NAME = AppIcon;
				CODE_SIGN_STYLE = Manual;
				DEVELOPMENT_TEAM = "";
				INFOPLIST_FILE = RoboHash/Info.plist;
				LD_RUNPATH_SEARCH_PATHS = (
					"$(inherited)",
					"@executable_path/Frameworks",
				);
				PRODUCT_BUNDLE_IDENTIFIER = BB.RoboHash;
				PRODUCT_NAME = "$(TARGET_NAME)";
				PROVISIONING_PROFILE_SPECIFIER = "";
				SWIFT_VERSION = 5.0;
				TARGETED_DEVICE_FAMILY = "1,2";
			};
			name = Release;
		};
		8DE36D51230792DF00E4FCF9 /* Debug */ = {
			isa = XCBuildConfiguration;
			buildSettings = {
				ALWAYS_EMBED_SWIFT_STANDARD_LIBRARIES = YES;
				BUNDLE_LOADER = "$(TEST_HOST)";
				CODE_SIGN_STYLE = Automatic;
				INFOPLIST_FILE = RoboHashTests/Info.plist;
				LD_RUNPATH_SEARCH_PATHS = (
					"$(inherited)",
					"@executable_path/Frameworks",
					"@loader_path/Frameworks",
				);
				PRODUCT_BUNDLE_IDENTIFIER = BB.RoboHashTests;
				PRODUCT_NAME = "$(TARGET_NAME)";
				SWIFT_VERSION = 5.0;
				TARGETED_DEVICE_FAMILY = "1,2";
				TEST_HOST = "$(BUILT_PRODUCTS_DIR)/RoboHash.app/RoboHash";
			};
			name = Debug;
		};
		8DE36D52230792DF00E4FCF9 /* Release */ = {
			isa = XCBuildConfiguration;
			buildSettings = {
				ALWAYS_EMBED_SWIFT_STANDARD_LIBRARIES = YES;
				BUNDLE_LOADER = "$(TEST_HOST)";
				CODE_SIGN_STYLE = Automatic;
				INFOPLIST_FILE = RoboHashTests/Info.plist;
				LD_RUNPATH_SEARCH_PATHS = (
					"$(inherited)",
					"@executable_path/Frameworks",
					"@loader_path/Frameworks",
				);
				PRODUCT_BUNDLE_IDENTIFIER = BB.RoboHashTests;
				PRODUCT_NAME = "$(TARGET_NAME)";
				SWIFT_VERSION = 5.0;
				TARGETED_DEVICE_FAMILY = "1,2";
				TEST_HOST = "$(BUILT_PRODUCTS_DIR)/RoboHash.app/RoboHash";
			};
			name = Release;
		};
		8DE36D54230792DF00E4FCF9 /* Debug */ = {
			isa = XCBuildConfiguration;
			buildSettings = {
				ALWAYS_EMBED_SWIFT_STANDARD_LIBRARIES = YES;
				CODE_SIGN_STYLE = Automatic;
				INFOPLIST_FILE = RoboHashUITests/Info.plist;
				LD_RUNPATH_SEARCH_PATHS = (
					"$(inherited)",
					"@executable_path/Frameworks",
					"@loader_path/Frameworks",
				);
				PRODUCT_BUNDLE_IDENTIFIER = BB.RoboHashUITests;
				PRODUCT_NAME = "$(TARGET_NAME)";
				SWIFT_VERSION = 5.0;
				TARGETED_DEVICE_FAMILY = "1,2";
				TEST_TARGET_NAME = RoboHash;
			};
			name = Debug;
		};
		8DE36D55230792DF00E4FCF9 /* Release */ = {
			isa = XCBuildConfiguration;
			buildSettings = {
				ALWAYS_EMBED_SWIFT_STANDARD_LIBRARIES = YES;
				CODE_SIGN_STYLE = Automatic;
				INFOPLIST_FILE = RoboHashUITests/Info.plist;
				LD_RUNPATH_SEARCH_PATHS = (
					"$(inherited)",
					"@executable_path/Frameworks",
					"@loader_path/Frameworks",
				);
				PRODUCT_BUNDLE_IDENTIFIER = BB.RoboHashUITests;
				PRODUCT_NAME = "$(TARGET_NAME)";
				SWIFT_VERSION = 5.0;
				TARGETED_DEVICE_FAMILY = "1,2";
				TEST_TARGET_NAME = RoboHash;
			};
			name = Release;
		};
/* End XCBuildConfiguration section */

/* Begin XCConfigurationList section */
		8DE36D1D230792DD00E4FCF9 /* Build configuration list for PBXProject "RoboHash" */ = {
			isa = XCConfigurationList;
			buildConfigurations = (
				8DE36D4B230792DF00E4FCF9 /* Debug */,
				8DE36D4C230792DF00E4FCF9 /* Release */,
			);
			defaultConfigurationIsVisible = 0;
			defaultConfigurationName = Release;
		};
		8DE36D4D230792DF00E4FCF9 /* Build configuration list for PBXNativeTarget "RoboHash" */ = {
			isa = XCConfigurationList;
			buildConfigurations = (
				8DE36D4E230792DF00E4FCF9 /* Debug */,
				8DE36D4F230792DF00E4FCF9 /* Release */,
			);
			defaultConfigurationIsVisible = 0;
			defaultConfigurationName = Release;
		};
		8DE36D50230792DF00E4FCF9 /* Build configuration list for PBXNativeTarget "RoboHashTests" */ = {
			isa = XCConfigurationList;
			buildConfigurations = (
				8DE36D51230792DF00E4FCF9 /* Debug */,
				8DE36D52230792DF00E4FCF9 /* Release */,
			);
			defaultConfigurationIsVisible = 0;
			defaultConfigurationName = Release;
		};
		8DE36D53230792DF00E4FCF9 /* Build configuration list for PBXNativeTarget "RoboHashUITests" */ = {
			isa = XCConfigurationList;
			buildConfigurations = (
				8DE36D54230792DF00E4FCF9 /* Debug */,
				8DE36D55230792DF00E4FCF9 /* Release */,
			);
			defaultConfigurationIsVisible = 0;
			defaultConfigurationName = Release;
		};
/* End XCConfigurationList section */

/* Begin XCVersionGroup section */
		8DE36D2C230792DD00E4FCF9 /* RoboHash.xcdatamodeld */ = {
			isa = XCVersionGroup;
			children = (
				8DE36D2D230792DD00E4FCF9 /* RoboHash.xcdatamodel */,
			);
			currentVersion = 8DE36D2D230792DD00E4FCF9 /* RoboHash.xcdatamodel */;
			path = RoboHash.xcdatamodeld;
			sourceTree = "<group>";
			versionGroupType = wrapper.xcdatamodel;
		};
/* End XCVersionGroup section */
	};
	rootObject = 8DE36D1A230792DD00E4FCF9 /* Project object */;
}
